
Microsoft Visual Studio Solution File, Format Version 12.00
# Visual Studio Version 17
VisualStudioVersion = 17.0.31903.59
MinimumVisualStudioVersion = 10.0.40219.1
Project("{FAE04EC0-301F-11D3-BF4B-00C04F79EFBC}") = "RefreshToken.Api", "src\RefreshToken.Api\RefreshToken.Api.csproj", "{B4044453-FF1D-4F63-93D5-B3B7E6CCA279}"
EndProject
Project("{FAE04EC0-301F-11D3-BF4B-00C04F79EFBC}") = "RefreshToken.Data", "src\RefreshToken.Data\RefreshToken.Data.csproj", "{E0D52441-7BBD-40E1-B14B-F00A3DC3BC6C}"
EndProject
Global
	GlobalSection(SolutionConfigurationPlatforms) = preSolution
		Debug|Any CPU = Debug|Any CPU
		Release|Any CPU = Release|Any CPU
	EndGlobalSection
	GlobalSection(ProjectConfigurationPlatforms) = postSolution
		{B4044453-FF1D-4F63-93D5-B3B7E6CCA279}.Debug|Any CPU.ActiveCfg = Debug|Any CPU
		{B4044453-FF1D-4F63-93D5-B3B7E6CCA279}.Debug|Any CPU.Build.0 = Debug|Any CPU
		{B4044453-FF1D-4F63-93D5-B3B7E6CCA279}.Release|Any CPU.ActiveCfg = Release|Any CPU
		{B4044453-FF1D-4F63-93D5-B3B7E6CCA279}.Release|Any CPU.Build.0 = Release|Any CPU
		{E0D52441-7BBD-40E1-B14B-F00A3DC3BC6C}.Debug|Any CPU.ActiveCfg = Debug|Any CPU
		{E0D52441-7BBD-40E1-B14B-F00A3DC3BC6C}.Debug|Any CPU.Build.0 = Debug|Any CPU
		{E0D52441-7BBD-40E1-B14B-F00A3DC3BC6C}.Release|Any CPU.ActiveCfg = Release|Any CPU
		{E0D52441-7BBD-40E1-B14B-F00A3DC3BC6C}.Release|Any CPU.Build.0 = Release|Any CPU
	EndGlobalSection
	GlobalSection(SolutionProperties) = preSolution
		HideSolutionNode = FALSE
	EndGlobalSection
EndGlobal
